
Microsoft Visual Studio Solution File, Format Version 12.00
# Visual Studio 15
VisualStudioVersion = 15.0.28307.168
MinimumVisualStudioVersion = 10.0.40219.1
Project("{FAE04EC0-301F-11D3-BF4B-00C04F79EFBC}") = "MyTest", "MyTest\MyTest.csproj", "{8C21E9DA-5C8F-4C58-AFF8-31A5A229A7DA}"
EndProject
Global
	GlobalSection(SolutionConfigurationPlatforms) = preSolution
		Debug|Any CPU = Debug|Any CPU
		Release|Any CPU = Release|Any CPU
	EndGlobalSection
	GlobalSection(ProjectConfigurationPlatforms) = postSolution
		{8C21E9DA-5C8F-4C58-AFF8-31A5A229A7DA}.Debug|Any CPU.ActiveCfg = Debug|Any CPU
		{8C21E9DA-5C8F-4C58-AFF8-31A5A229A7DA}.Debug|Any CPU.Build.0 = Debug|Any CPU
		{8C21E9DA-5C8F-4C58-AFF8-31A5A229A7DA}.Release|Any CPU.ActiveCfg = Release|Any CPU
		{8C21E9DA-5C8F-4C58-AFF8-31A5A229A7DA}.Release|Any CPU.Build.0 = Release|Any CPU
	EndGlobalSection
	GlobalSection(SolutionProperties) = preSolution
		HideSolutionNode = FALSE
	EndGlobalSection
	GlobalSection(ExtensibilityGlobals) = postSolution
		SolutionGuid = {C1F5A389-7688-47A9-95E6-7E688EE163A4}
	EndGlobalSection
EndGlobal
